Microsoft Visual Studio Solution File, Format Version 12.00
# Visual Studio Version 17
VisualStudioVersion = 17.14.36915.13
MinimumVisualStudioVersion = 10.0.40219.1
Project("{FAE04EC0-301F-11D3-BF4B-00C04F79EFBC}") = "Imaging.Core", "Imaging.Core\Imaging.Core.csproj", "{867B5D42-8B63-C235-D033-A0D30F228CD6}"
EndProject
Project("{FAE04EC0-301F-11D3-BF4B-00C04F79EFBC}") = "Windows.Imaging.Utility", "Windows.Imaging.Utility\Windows.Imaging.Utility.csproj", "{7093E902-BABE-41A6-A5D5-81613F1153E9}"
EndProject
Global
	GlobalSection(SolutionConfigurationPlatforms) = preSolution
		Debug|Any CPU = Debug|Any CPU
		Release|Any CPU = Release|Any CPU
	EndGlobalSection
	GlobalSection(ProjectConfigurationPlatforms) = postSolution
		{867B5D42-8B63-C235-D033-A0D30F228CD6}.Debug|Any CPU.ActiveCfg = Debug|Any CPU
		{867B5D42-8B63-C235-D033-A0D30F228CD6}.Debug|Any CPU.Build.0 = Debug|Any CPU
		{867B5D42-8B63-C235-D033-A0D30F228CD6}.Release|Any CPU.ActiveCfg = Release|Any CPU
		{867B5D42-8B63-C235-D033-A0D30F228CD6}.Release|Any CPU.Build.0 = Release|Any CPU
		{7093E902-BABE-41A6-A5D5-81613F1153E9}.Debug|Any CPU.ActiveCfg = Debug|Any CPU
		{7093E902-BABE-41A6-A5D5-81613F1153E9}.Debug|Any CPU.Build.0 = Debug|Any CPU
		{7093E902-BABE-41A6-A5D5-81613F1153E9}.Release|Any CPU.ActiveCfg = Release|Any CPU
		{7093E902-BABE-41A6-A5D5-81613F1153E9}.Release|Any CPU.Build.0 = Release|Any CPU
	EndGlobalSection
	GlobalSection(SolutionProperties) = preSolution
		HideSolutionNode = FALSE
	EndGlobalSection
EndGlobal
